{
  "originHash" : "0f8e419952ddfdae0d159eccc88ba20cfafb847b51cc28ac60c117268f30bc71",
  "pins" : [
    {
      "identity" : "bitbytedata",
      "kind" : "remoteSourceControl",
      "location" : "https://github.com/tsolomko/BitByteData",
      "state" : {
        "revision" : "cdcdc5177ad536cfb11b95c620f926a81014b7fe",
        "version" : "2.0.4"
      }
    },
    {
      "identity" : "swcompression",
      "kind" : "remoteSourceControl",
      "location" : "https://github.com/tsolomko/SWCompression.git",
      "state" : {
        "revision" : "390e0b0af8dd19a600005a242a89e570ff482e09",
        "version" : "4.8.6"
      }
    },
    {
      "identity" : "webrtc",
      "kind" : "remoteSourceControl",
      "location" : "https://github.com/stasel/WebRTC",
      "state" : {
        "revision" : "820d216010b6bb5695139852ec6740edd6f790ff",
        "version" : "138.0.0"
      }
    }
  ],
  "version" : 3
}
